
Microsoft Visual Studio Solution File, Format Version 12.00
# Visual Studio Version 17
VisualStudioVersion = 17.4.33213.308
MinimumVisualStudioVersion = 10.0.40219.1
Project("{FAE04EC0-301F-11D3-BF4B-00C04F79EFBC}") = "ChattBank", "ChattBank\ChattBank.csproj", "{271DD4EE-59A7-495F-BEE0-27E04C2385F9}"
EndProject
Global
	GlobalSection(SolutionConfigurationPlatforms) = preSolution
		Debug|Any CPU = Debug|Any CPU
		Release|Any CPU = Release|Any CPU
	EndGlobalSection
	GlobalSection(ProjectConfigurationPlatforms) = postSolution
		{271DD4EE-59A7-495F-BEE0-27E04C2385F9}.Debug|Any CPU.ActiveCfg = Debug|Any CPU
		{271DD4EE-59A7-495F-BEE0-27E04C2385F9}.Debug|Any CPU.Build.0 = Debug|Any CPU
		{271DD4EE-59A7-495F-BEE0-27E04C2385F9}.Release|Any CPU.ActiveCfg = Release|Any CPU
		{271DD4EE-59A7-495F-BEE0-27E04C2385F9}.Release|Any CPU.Build.0 = Release|Any CPU
	EndGlobalSection
	GlobalSection(SolutionProperties) = preSolution
		HideSolutionNode = FALSE
	EndGlobalSection
	GlobalSection(ExtensibilityGlobals) = postSolution
		SolutionGuid = {9CDF7FEB-6A5C-481B-88A8-65F2FCC10473}
	EndGlobalSection
EndGlobal
